
Microsoft Visual Studio Solution File, Format Version 12.00
# Visual Studio Version 16
VisualStudioVersion = 16.0.29905.134
MinimumVisualStudioVersion = 10.0.40219.1
Project("{9A19103F-16F7-4668-BE54-9A1E7A4F7556}") = "THDWebServer", "THDWebServer\THDWebServer.csproj", "{C6DE37F4-AD9A-414D-AD23-15EB87D92131}"
EndProject
Project("{2150E333-8FDC-42A3-9474-1A3956D46DE8}") = "External", "External", "{A9A68149-0D1A-42EA-9B77-4B136A05CFC6}"
	ProjectSection(SolutionItems) = preProject
		Dockerfile = Dockerfile
		..\..\ThunderED_git\version.txt = ..\..\ThunderED_git\version.txt
	EndProjectSection
EndProject
Project("{9A19103F-16F7-4668-BE54-9A1E7A4F7556}") = "ThunderED", "ThunderED\ThunderED\ThunderED.csproj", "{02D89455-189F-49A1-BF54-15E862E31DC0}"
EndProject
Project("{2150E333-8FDC-42A3-9474-1A3956D46DE8}") = "hooks", "hooks", "{6AB728B0-A1EB-4EE6-951D-97B73813DCA5}"
	ProjectSection(SolutionItems) = preProject
		hooks\post_checkout = hooks\post_checkout
	EndProjectSection
EndProject
Global
	GlobalSection(SolutionConfigurationPlatforms) = preSolution
		Debug|Any CPU = Debug|Any CPU
		DebugNoReg|Any CPU = DebugNoReg|Any CPU
		Release|Any CPU = Release|Any CPU
	EndGlobalSection
	GlobalSection(ProjectConfigurationPlatforms) = postSolution
		{C6DE37F4-AD9A-414D-AD23-15EB87D92131}.Debug|Any CPU.ActiveCfg = Debug|Any CPU
		{C6DE37F4-AD9A-414D-AD23-15EB87D92131}.Debug|Any CPU.Build.0 = Debug|Any CPU
		{C6DE37F4-AD9A-414D-AD23-15EB87D92131}.DebugNoReg|Any CPU.ActiveCfg = DebugNoReg|Any CPU
		{C6DE37F4-AD9A-414D-AD23-15EB87D92131}.DebugNoReg|Any CPU.Build.0 = DebugNoReg|Any CPU
		{C6DE37F4-AD9A-414D-AD23-15EB87D92131}.Release|Any CPU.ActiveCfg = Release|Any CPU
		{C6DE37F4-AD9A-414D-AD23-15EB87D92131}.Release|Any CPU.Build.0 = Release|Any CPU
		{02D89455-189F-49A1-BF54-15E862E31DC0}.Debug|Any CPU.ActiveCfg = Debug|Any CPU
		{02D89455-189F-49A1-BF54-15E862E31DC0}.Debug|Any CPU.Build.0 = Debug|Any CPU
		{02D89455-189F-49A1-BF54-15E862E31DC0}.DebugNoReg|Any CPU.ActiveCfg = DebugNoReg|Any CPU
		{02D89455-189F-49A1-BF54-15E862E31DC0}.DebugNoReg|Any CPU.Build.0 = DebugNoReg|Any CPU
		{02D89455-189F-49A1-BF54-15E862E31DC0}.Release|Any CPU.ActiveCfg = Release|Any CPU
		{02D89455-189F-49A1-BF54-15E862E31DC0}.Release|Any CPU.Build.0 = Release|Any CPU
	EndGlobalSection
	GlobalSection(SolutionProperties) = preSolution
		HideSolutionNode = FALSE
	EndGlobalSection
	GlobalSection(NestedProjects) = preSolution
		{02D89455-189F-49A1-BF54-15E862E31DC0} = {A9A68149-0D1A-42EA-9B77-4B136A05CFC6}
		{6AB728B0-A1EB-4EE6-951D-97B73813DCA5} = {A9A68149-0D1A-42EA-9B77-4B136A05CFC6}
	EndGlobalSection
	GlobalSection(ExtensibilityGlobals) = postSolution
		SolutionGuid = {19D1567C-4C60-442C-811E-EED622E50936}
	EndGlobalSection
EndGlobal
